
Microsoft Visual Studio Solution File, Format Version 12.00
# Visual Studio 15
VisualStudioVersion = 15.0.28307.168
MinimumVisualStudioVersion = 10.0.40219.1
Project("{FAE04EC0-301F-11D3-BF4B-00C04F79EFBC}") = "MovieApi", "MovieApi\MovieApi.csproj", "{1745E857-8F6B-4EFB-9ACB-6F80955D5B4E}"
EndProject
Project("{FAE04EC0-301F-11D3-BF4B-00C04F79EFBC}") = "MovieApi.Tests", "MovieApi.Tests\MovieApi.Tests.csproj", "{9B296D4C-4A11-4DB7-8E04-5C5C960D4C28}"
EndProject
Global
	GlobalSection(SolutionConfigurationPlatforms) = preSolution
		Debug|Any CPU = Debug|Any CPU
		Release|Any CPU = Release|Any CPU
	EndGlobalSection
	GlobalSection(ProjectConfigurationPlatforms) = postSolution
		{1745E857-8F6B-4EFB-9ACB-6F80955D5B4E}.Debug|Any CPU.ActiveCfg = Debug|Any CPU
		{1745E857-8F6B-4EFB-9ACB-6F80955D5B4E}.Debug|Any CPU.Build.0 = Debug|Any CPU
		{1745E857-8F6B-4EFB-9ACB-6F80955D5B4E}.Release|Any CPU.ActiveCfg = Release|Any CPU
		{1745E857-8F6B-4EFB-9ACB-6F80955D5B4E}.Release|Any CPU.Build.0 = Release|Any CPU
		{9B296D4C-4A11-4DB7-8E04-5C5C960D4C28}.Debug|Any CPU.ActiveCfg = Debug|Any CPU
		{9B296D4C-4A11-4DB7-8E04-5C5C960D4C28}.Debug|Any CPU.Build.0 = Debug|Any CPU
		{9B296D4C-4A11-4DB7-8E04-5C5C960D4C28}.Release|Any CPU.ActiveCfg = Release|Any CPU
		{9B296D4C-4A11-4DB7-8E04-5C5C960D4C28}.Release|Any CPU.Build.0 = Release|Any CPU
	EndGlobalSection
	GlobalSection(SolutionProperties) = preSolution
		HideSolutionNode = FALSE
	EndGlobalSection
	GlobalSection(ExtensibilityGlobals) = postSolution
		SolutionGuid = {A6742893-8C7D-4742-92D7-519DD66A17DA}
	EndGlobalSection
EndGlobal
